
Microsoft Visual Studio Solution File, Format Version 12.00
# Visual Studio 15
VisualStudioVersion = 15.0.28307.271
MinimumVisualStudioVersion = 10.0.40219.1
Project("{FAE04EC0-301F-11D3-BF4B-00C04F79EFBC}") = "TaDemoForAzure", "TaDemoForAzure\TaDemoForAzure.csproj", "{26F4201F-C242-431A-9E27-FF042745521D}"
EndProject
Global
	GlobalSection(SolutionConfigurationPlatforms) = preSolution
		Debug|Any CPU = Debug|Any CPU
		Release|Any CPU = Release|Any CPU
	EndGlobalSection
	GlobalSection(ProjectConfigurationPlatforms) = postSolution
		{26F4201F-C242-431A-9E27-FF042745521D}.Debug|Any CPU.ActiveCfg = Debug|Any CPU
		{26F4201F-C242-431A-9E27-FF042745521D}.Debug|Any CPU.Build.0 = Debug|Any CPU
		{26F4201F-C242-431A-9E27-FF042745521D}.Release|Any CPU.ActiveCfg = Release|Any CPU
		{26F4201F-C242-431A-9E27-FF042745521D}.Release|Any CPU.Build.0 = Release|Any CPU
	EndGlobalSection
	GlobalSection(SolutionProperties) = preSolution
		HideSolutionNode = FALSE
	EndGlobalSection
	GlobalSection(ExtensibilityGlobals) = postSolution
		SolutionGuid = {77D80E4A-8046-4A5D-AED1-FDAB6340D20F}
	EndGlobalSection
EndGlobal
